{
  "originHash" : "a8badc23e214d01a8ca746f40e29f5d86dc1e8ff4cbd21bee22f910e6b984d8d",
  "pins" : [
    {
      "identity" : "ffmpeg-ios-lame",
      "kind" : "remoteSourceControl",
      "location" : "https://github.com/kewlbear/FFmpeg-iOS-Lame",
      "state" : {
        "revision" : "1808fa5a1263c5e216646cd8421fc7dcb70520cc",
        "version" : "0.0.6-b20230730-000000"
      }
    },
    {
      "identity" : "ffmpeg-ios-support",
      "kind" : "remoteSourceControl",
      "location" : "https://github.com/kewlbear/FFmpeg-iOS-Support",
      "state" : {
        "revision" : "be3bd9149ac53760e8725652eee99c405b2be47a",
        "version" : "0.0.2"
      }
    },
    {
      "identity" : "onnxruntime-swift-package-manager",
      "kind" : "remoteSourceControl",
      "location" : "https://github.com/microsoft/onnxruntime-swift-package-manager.git",
      "state" : {
        "revision" : "b7fb7f7dea8a2469e6335d95a61b8f36d0dc83b2",
        "version" : "1.24.2"
      }
    },
    {
      "identity" : "python-ios",
      "kind" : "remoteSourceControl",
      "location" : "https://github.com/kewlbear/Python-iOS.git",
      "state" : {
        "revision" : "4f3ca2bc0cff1ef2511555eb6114f9eb12e50412",
        "version" : "0.1.1-b20230423-090254"
      }
    },
    {
      "identity" : "pythonkit",
      "kind" : "remoteSourceControl",
      "location" : "https://github.com/pvieito/PythonKit.git",
      "state" : {
        "revision" : "6fee7617cfa910fbac7035276e295ba967adbbb4",
        "version" : "0.5.1"
      }
    },
    {
      "identity" : "youtubedl-ios",
      "kind" : "remoteSourceControl",
      "location" : "https://github.com/kewlbear/YoutubeDL-iOS.git",
      "state" : {
        "revision" : "64d9072cc33d2698b555d68cecf3d71f2f49b8dd",
        "version" : "0.0.9"
      }
    },
    {
      "identity" : "zipfoundation",
      "kind" : "remoteSourceControl",
      "location" : "https://github.com/weichsel/ZIPFoundation.git",
      "state" : {
        "revision" : "22787ffb59de99e5dc1fbfe80b19c97a904ad48d",
        "version" : "0.9.20"
      }
    }
  ],
  "version" : 3
}
